
Microsoft Visual Studio Solution File, Format Version 12.00
# Visual Studio 15
VisualStudioVersion = 15.0.26730.12
MinimumVisualStudioVersion = 10.0.40219.1
Project("{FAE04EC0-301F-11D3-BF4B-00C04F79EFBC}") = "ATM", "ATM\ATM.csproj", "{5E7562FB-BB67-4624-A74A-29D38F118D73}"
EndProject
Global
	GlobalSection(SolutionConfigurationPlatforms) = preSolution
		Debug|Any CPU = Debug|Any CPU
		Release|Any CPU = Release|Any CPU
	EndGlobalSection
	GlobalSection(ProjectConfigurationPlatforms) = postSolution
		{5E7562FB-BB67-4624-A74A-29D38F118D73}.Debug|Any CPU.ActiveCfg = Debug|Any CPU
		{5E7562FB-BB67-4624-A74A-29D38F118D73}.Debug|Any CPU.Build.0 = Debug|Any CPU
		{5E7562FB-BB67-4624-A74A-29D38F118D73}.Release|Any CPU.ActiveCfg = Release|Any CPU
		{5E7562FB-BB67-4624-A74A-29D38F118D73}.Release|Any CPU.Build.0 = Release|Any CPU
	EndGlobalSection
	GlobalSection(SolutionProperties) = preSolution
		HideSolutionNode = FALSE
	EndGlobalSection
	GlobalSection(ExtensibilityGlobals) = postSolution
		SolutionGuid = {F34C1E35-647A-440D-A396-8BCDE75E7D16}
	EndGlobalSection
EndGlobal
